
Microsoft Visual Studio Solution File, Format Version 12.00
# Visual Studio Version 16
VisualStudioVersion = 16.0.34931.43
MinimumVisualStudioVersion = 10.0.40219.1
Project("{C9674DCB-5085-4A16-B785-4C70DD1589BD}") = "MOY", "MOY.dtproj", "{B799A70B-0F05-4E3B-BA84-36F95F0B7B14}"
EndProject
Global
	GlobalSection(SolutionConfigurationPlatforms) = preSolution
		Development|Default = Development|Default
	EndGlobalSection
	GlobalSection(ProjectConfigurationPlatforms) = postSolution
		{B799A70B-0F05-4E3B-BA84-36F95F0B7B14}.Development|Default.ActiveCfg = Development
		{B799A70B-0F05-4E3B-BA84-36F95F0B7B14}.Development|Default.Build.0 = Development
	EndGlobalSection
	GlobalSection(SolutionProperties) = preSolution
		HideSolutionNode = FALSE
	EndGlobalSection
	GlobalSection(ExtensibilityGlobals) = postSolution
		SolutionGuid = {FA0F3376-4193-4BCB-8017-6E3A09E2B43F}
	EndGlobalSection
EndGlobal
